
Microsoft Visual Studio Solution File, Format Version 12.00
# Visual Studio Version 16
VisualStudioVersion = 16.0.31005.135
MinimumVisualStudioVersion = 10.0.40219.1
Project("{888888A0-9F3D-457C-B088-3A5042F75D52}") = "DjangoWebProject1", "DjangoWebProject1\DjangoWebProject1.pyproj", "{31809108-B402-4EB6-8E43-E1757D3CE946}"
EndProject
Global
	GlobalSection(SolutionConfigurationPlatforms) = preSolution
		Debug|Any CPU = Debug|Any CPU
		Release|Any CPU = Release|Any CPU
	EndGlobalSection
	GlobalSection(ProjectConfigurationPlatforms) = postSolution
		{31809108-B402-4EB6-8E43-E1757D3CE946}.Debug|Any CPU.ActiveCfg = Debug|Any CPU
		{31809108-B402-4EB6-8E43-E1757D3CE946}.Debug|Any CPU.Build.0 = Debug|Any CPU
		{31809108-B402-4EB6-8E43-E1757D3CE946}.Release|Any CPU.ActiveCfg = Release|Any CPU
		{31809108-B402-4EB6-8E43-E1757D3CE946}.Release|Any CPU.Build.0 = Release|Any CPU
	EndGlobalSection
	GlobalSection(SolutionProperties) = preSolution
		HideSolutionNode = FALSE
	EndGlobalSection
	GlobalSection(ExtensibilityGlobals) = postSolution
		SolutionGuid = {59BB0A39-875F-4DF7-97D8-24BA1800EF25}
	EndGlobalSection
EndGlobal
